
Microsoft Visual Studio Solution File, Format Version 12.00
# Visual Studio 2013
VisualStudioVersion = 12.0.30501.0
MinimumVisualStudioVersion = 10.0.40219.1
Project("{8BC9CEB8-8B4A-11D0-8D11-00A0C91BC942}") = "B3D", "B3D\B3D.vcxproj", "{94240F26-1B8A-4FAD-A001-75F19880B6DF}"
EndProject
Project("{8BC9CEB8-8B4A-11D0-8D11-00A0C91BC942}") = "Billboard2", "Billboard2\Billboard2.vcxproj", "{8B8FEC6A-482F-4B65-AAED-AA86685F5855}"
EndProject
Global
	GlobalSection(SolutionConfigurationPlatforms) = preSolution
		Debug|Win32 = Debug|Win32
		Release|Win32 = Release|Win32
	EndGlobalSection
	GlobalSection(ProjectConfigurationPlatforms) = postSolution
		{94240F26-1B8A-4FAD-A001-75F19880B6DF}.Debug|Win32.ActiveCfg = Debug|Win32
		{94240F26-1B8A-4FAD-A001-75F19880B6DF}.Debug|Win32.Build.0 = Debug|Win32
		{94240F26-1B8A-4FAD-A001-75F19880B6DF}.Release|Win32.ActiveCfg = Release|Win32
		{94240F26-1B8A-4FAD-A001-75F19880B6DF}.Release|Win32.Build.0 = Release|Win32
		{8B8FEC6A-482F-4B65-AAED-AA86685F5855}.Debug|Win32.ActiveCfg = Debug|Win32
		{8B8FEC6A-482F-4B65-AAED-AA86685F5855}.Debug|Win32.Build.0 = Debug|Win32
		{8B8FEC6A-482F-4B65-AAED-AA86685F5855}.Release|Win32.ActiveCfg = Release|Win32
		{8B8FEC6A-482F-4B65-AAED-AA86685F5855}.Release|Win32.Build.0 = Release|Win32
	EndGlobalSection
	GlobalSection(SolutionProperties) = preSolution
		HideSolutionNode = FALSE
	EndGlobalSection
EndGlobal
