<?xml version="1.0" encoding="utf-8"?>
<Project ToolsVersion="4.0" xmlns="http://schemas.microsoft.com/developer/msbuild/2003">
  <ItemGroup>
    <Filter Include="资源文件">
      <UniqueIdentifier>{67DA6AB6-F800-4c08-8B7A-83BB121AAD01}</UniqueIdentifier>
      <Extensions>rc;ico;cur;bmp;dlg;rc2;rct;bin;rgs;gif;jpg;jpeg;jpe;resx;tiff;tif;png;wav;mfcribbon-ms</Extensions>
    </Filter>
    <Filter Include="软件设计">
      <UniqueIdentifier>{506ca300-e561-4873-8c12-e16933815d9e}</UniqueIdentifier>
    </Filter>
    <Filter Include="游戏设计模式">
      <UniqueIdentifier>{97743ddf-1866-41b0-8b04-4f935988058b}</UniqueIdentifier>
    </Filter>
    <Filter Include="场景切换">
      <UniqueIdentifier>{72c61690-7663-47be-9d9b-42700fa1df0c}</UniqueIdentifier>
    </Filter>
  </ItemGroup>
  <ItemGroup>
    <ClInclude Include="State.h">
      <Filter>软件设计</Filter>
    </ClInclude>
    <ClInclude Include="GameState.h">
      <Filter>游戏设计模式</Filter>
    </ClInclude>
  </ItemGroup>
  <ItemGroup>
    <ClCompile Include="main.cpp">
      <Filter>软件设计</Filter>
    </ClCompile>
    <ClCompile Include="GameState.cpp">
      <Filter>游戏设计模式</Filter>
    </ClCompile>
    <ClCompile Include="Content.cpp">
      <Filter>游戏设计模式</Filter>
    </ClCompile>
    <ClCompile Include="UnitTest.cpp">
      <Filter>游戏设计模式</Filter>
    </ClCompile>
  </ItemGroup>
</Project>