<?xml version="1.0" encoding="utf-8"?>
<Project ToolsVersion="4.0" xmlns="http://schemas.microsoft.com/developer/msbuild/2003">
  <ItemGroup>
    <ClCompile Include="Texture.cpp">
      <Filter>GameDefine\Scene\NotRelatedSDK\2D</Filter>
    </ClCompile>
    <ClCompile Include="GameObject.cpp">
      <Filter>GameDefine\Scene\NotRelatedSDK\GameObject</Filter>
    </ClCompile>
    <ClCompile Include="Scene.cpp">
      <Filter>GameDefine\SceneManager\Global</Filter>
    </ClCompile>
    <ClCompile Include="Material.cpp">
      <Filter>GameDefine\Scene\NotRelatedSDK\Light</Filter>
    </ClCompile>
    <ClCompile Include="LightColor.cpp">
      <Filter>GameDefine\Scene\NotRelatedSDK\Light</Filter>
    </ClCompile>
    <ClCompile Include="SceneManager.cpp">
      <Filter>GameDefine\SceneManager</Filter>
    </ClCompile>
    <ClCompile Include="Ground.cpp">
      <Filter>GameDefine\Scene\NotRelatedSDK\GameObject</Filter>
    </ClCompile>
    <ClCompile Include="RenderAble.cpp">
      <Filter>GameDefine\Scene\RelatedSDK</Filter>
    </ClCompile>
    <ClCompile Include="Node.cpp">
      <Filter>GameDefine\Scene\RelatedSDK</Filter>
    </ClCompile>
    <ClCompile Include="ParticleSystem.cpp">
      <Filter>GameDefine\Scene\NotRelatedSDK\Effects\ParticleSystem</Filter>
    </ClCompile>
    <ClCompile Include="SurroundParticle.cpp">
      <Filter>GameDefine\Scene\NotRelatedSDK\Effects\ParticleSystem</Filter>
    </ClCompile>
    <ClCompile Include="FullScreenQuad.cpp">
      <Filter>GameDefine\Scene\NotRelatedSDK\GameObject</Filter>
    </ClCompile>
    <ClCompile Include="Zhucheng.cpp">
      <Filter>Game\Scene</Filter>
    </ClCompile>
    <ClCompile Include="Yewai.cpp">
      <Filter>Game\Scene</Filter>
    </ClCompile>
    <ClCompile Include="GameMain.cpp">
      <Filter>Game\main</Filter>
    </ClCompile>
    <ClCompile Include="WinApp.cpp">
      <Filter>GameDefine\Main</Filter>
    </ClCompile>
    <ClCompile Include="Yewai2.cpp">
      <Filter>Game\Scene</Filter>
    </ClCompile>
    <ClCompile Include="Fog.cpp">
      <Filter>GameDefine\Scene\NotRelatedSDK\Effects\Fog</Filter>
    </ClCompile>
    <ClCompile Include="Resource.cpp">
      <Filter>GameDefine\Resourse</Filter>
    </ClCompile>
    <ClCompile Include="Utlis.cpp">
      <Filter>GameDefine\Resourse</Filter>
    </ClCompile>
    <ClCompile Include="SkyBox.cpp">
      <Filter>GameDefine\Scene\NotRelatedSDK\SkyBox</Filter>
    </ClCompile>
    <ClCompile Include="SkyBoxC.cpp">
      <Filter>GameDefine\Scene\NotRelatedSDK\SkyBox</Filter>
    </ClCompile>
    <ClCompile Include="RenderAble_Light.cpp">
      <Filter>GameDefine\Scene\RelatedSDK</Filter>
    </ClCompile>
    <ClCompile Include="ElementBuffer.cpp">
      <Filter>GameDefine\Scene\RelatedSDK\Component</Filter>
    </ClCompile>
    <ClCompile Include="FrameBuffer.cpp">
      <Filter>GameDefine\Scene\RelatedSDK\Component</Filter>
    </ClCompile>
    <ClCompile Include="Shader.cpp">
      <Filter>GameDefine\Scene\RelatedSDK\Component</Filter>
    </ClCompile>
    <ClCompile Include="Vertex.cpp">
      <Filter>GameDefine\Scene\RelatedSDK\Component</Filter>
    </ClCompile>
    <ClCompile Include="VertexBuffer.cpp">
      <Filter>GameDefine\Scene\RelatedSDK\Component</Filter>
    </ClCompile>
    <ClCompile Include="Seawater.cpp">
      <Filter>GameDefine\Scene\NotRelatedSDK\GameObject</Filter>
    </ClCompile>
    <ClCompile Include="SceneSea.cpp">
      <Filter>Game\Scene</Filter>
    </ClCompile>
    <ClCompile Include="Camera_1st.cpp">
      <Filter>GameDefine\Scene\NotRelatedSDK\Camera</Filter>
    </ClCompile>
    <ClCompile Include="Camera_2D.cpp">
      <Filter>GameDefine\Scene\NotRelatedSDK\Camera</Filter>
    </ClCompile>
    <ClCompile Include="Camera_3rd.cpp">
      <Filter>GameDefine\Scene\NotRelatedSDK\Camera</Filter>
    </ClCompile>
    <ClCompile Include="Time.cpp">
      <Filter>GameDefine\SceneManager\Global</Filter>
    </ClCompile>
    <ClCompile Include="Direction.cpp">
      <Filter>GameDefine\Scene\NotRelatedSDK\Light</Filter>
    </ClCompile>
    <ClCompile Include="PointLight.cpp">
      <Filter>GameDefine\Scene\NotRelatedSDK\Light</Filter>
    </ClCompile>
    <ClCompile Include="SpotLight.cpp">
      <Filter>GameDefine\Scene\NotRelatedSDK\Light</Filter>
    </ClCompile>
    <ClCompile Include="UpParticle.cpp">
      <Filter>GameDefine\Scene\NotRelatedSDK\Effects\ParticleSystem</Filter>
    </ClCompile>
    <ClCompile Include="main.cpp">
      <Filter>Game\main</Filter>
    </ClCompile>
    <ClCompile Include="RenderList.cpp">
      <Filter>GameDefine\Scene\NotRelatedSDK\Camera</Filter>
    </ClCompile>
    <ClCompile Include="Fuben2.cpp">
      <Filter>Game\Scene</Filter>
    </ClCompile>
    <ClCompile Include="Gauss.cpp">
      <Filter>Game\Scene</Filter>
    </ClCompile>
    <ClCompile Include="BloomScene.cpp">
      <Filter>Game\Scene</Filter>
    </ClCompile>
    <ClCompile Include="HDR.cpp">
      <Filter>Game\Scene</Filter>
    </ClCompile>
    <ClCompile Include="2DScene.cpp">
      <Filter>Game\Scene</Filter>
    </ClCompile>
  </ItemGroup>
  <ItemGroup>
    <ClInclude Include="ggl.h">
      <Filter>GameDefine\Main</Filter>
    </ClInclude>
    <ClInclude Include="Texture.h">
      <Filter>GameDefine\Scene\NotRelatedSDK\2D</Filter>
    </ClInclude>
    <ClInclude Include="GameObject.h">
      <Filter>GameDefine\Scene\NotRelatedSDK\GameObject</Filter>
    </ClInclude>
    <ClInclude Include="Scene.h">
      <Filter>GameDefine\SceneManager\Global</Filter>
    </ClInclude>
    <ClInclude Include="Plane.hpp">
      <Filter>GameDefine\Scene\RelatedSDK\Component\Scene</Filter>
    </ClInclude>
    <ClInclude Include="Frustum.hpp">
      <Filter>GameDefine\Scene\RelatedSDK\Component\Scene</Filter>
    </ClInclude>
    <ClInclude Include="Material.h">
      <Filter>GameDefine\Scene\NotRelatedSDK\Light</Filter>
    </ClInclude>
    <ClInclude Include="LightColor.h">
      <Filter>GameDefine\Scene\NotRelatedSDK\Light</Filter>
    </ClInclude>
    <ClInclude Include="Color.h">
      <Filter>GameDefine\Scene\NotRelatedSDK\Light</Filter>
    </ClInclude>
    <ClInclude Include="SceneManager.h">
      <Filter>GameDefine\SceneManager</Filter>
    </ClInclude>
    <ClInclude Include="Transform.h">
      <Filter>GameDefine\Scene\RelatedSDK\Component\Scene</Filter>
    </ClInclude>
    <ClInclude Include="Light.h">
      <Filter>GameDefine\Scene\NotRelatedSDK\Light</Filter>
    </ClInclude>
    <ClInclude Include="Ground.h">
      <Filter>GameDefine\Scene\NotRelatedSDK\GameObject</Filter>
    </ClInclude>
    <ClInclude Include="Node.h">
      <Filter>GameDefine\Scene\RelatedSDK</Filter>
    </ClInclude>
    <ClInclude Include="RenderAble.h">
      <Filter>GameDefine\Scene\RelatedSDK</Filter>
    </ClInclude>
    <ClInclude Include="RenderOptions.h">
      <Filter>GameDefine\Scene\RelatedSDK</Filter>
    </ClInclude>
    <ClInclude Include="ParticleSystem.h">
      <Filter>GameDefine\Scene\NotRelatedSDK\Effects\ParticleSystem</Filter>
    </ClInclude>
    <ClInclude Include="SurroundParticle.h">
      <Filter>GameDefine\Scene\NotRelatedSDK\Effects\ParticleSystem</Filter>
    </ClInclude>
    <ClInclude Include="FullScreenQuad.h">
      <Filter>GameDefine\Scene\NotRelatedSDK\GameObject</Filter>
    </ClInclude>
    <ClInclude Include="Zhucheng.h">
      <Filter>Game\Scene</Filter>
    </ClInclude>
    <ClInclude Include="Yewai.h">
      <Filter>Game\Scene</Filter>
    </ClInclude>
    <ClInclude Include="GamaMain.h">
      <Filter>Game\main</Filter>
    </ClInclude>
    <ClInclude Include="WinApp.h">
      <Filter>GameDefine\Main</Filter>
    </ClInclude>
    <ClInclude Include="Yewai2.h">
      <Filter>Game\Scene</Filter>
    </ClInclude>
    <ClInclude Include="Fog.h">
      <Filter>GameDefine\Scene\NotRelatedSDK\Effects\Fog</Filter>
    </ClInclude>
    <ClInclude Include="Resource.h">
      <Filter>GameDefine\Resourse</Filter>
    </ClInclude>
    <ClInclude Include="Utils.h">
      <Filter>GameDefine\Resourse</Filter>
    </ClInclude>
    <ClInclude Include="Triangle.h">
      <Filter>GameDefine\Scene\RelatedSDK\Component\Scene</Filter>
    </ClInclude>
    <ClInclude Include="SkyBox.h">
      <Filter>GameDefine\Scene\NotRelatedSDK\SkyBox</Filter>
    </ClInclude>
    <ClInclude Include="SkyBoxC.h">
      <Filter>GameDefine\Scene\NotRelatedSDK\SkyBox</Filter>
    </ClInclude>
    <ClInclude Include="RenderAble_Light.h">
      <Filter>GameDefine\Scene\RelatedSDK</Filter>
    </ClInclude>
    <ClInclude Include="ElementBuffer.h">
      <Filter>GameDefine\Scene\RelatedSDK\Component</Filter>
    </ClInclude>
    <ClInclude Include="FrameBuffer.h">
      <Filter>GameDefine\Scene\RelatedSDK\Component</Filter>
    </ClInclude>
    <ClInclude Include="Shader.h">
      <Filter>GameDefine\Scene\RelatedSDK\Component</Filter>
    </ClInclude>
    <ClInclude Include="Vertex.h">
      <Filter>GameDefine\Scene\RelatedSDK\Component</Filter>
    </ClInclude>
    <ClInclude Include="VertexBuffer.h">
      <Filter>GameDefine\Scene\RelatedSDK\Component</Filter>
    </ClInclude>
    <ClInclude Include="Seawater.h">
      <Filter>GameDefine\Scene\NotRelatedSDK\GameObject</Filter>
    </ClInclude>
    <ClInclude Include="SceneSea.h">
      <Filter>Game\Scene</Filter>
    </ClInclude>
    <ClInclude Include="Camera.h">
      <Filter>GameDefine\Scene\NotRelatedSDK\Camera</Filter>
    </ClInclude>
    <ClInclude Include="Camera_2D.h">
      <Filter>GameDefine\Scene\NotRelatedSDK\Camera</Filter>
    </ClInclude>
    <ClInclude Include="Time.h">
      <Filter>GameDefine\SceneManager\Global</Filter>
    </ClInclude>
    <ClInclude Include="PointLight.h">
      <Filter>GameDefine\Scene\NotRelatedSDK\Light</Filter>
    </ClInclude>
    <ClInclude Include="SpotLight.h">
      <Filter>GameDefine\Scene\NotRelatedSDK\Light</Filter>
    </ClInclude>
    <ClInclude Include="DirectionLight.h">
      <Filter>GameDefine\Scene\NotRelatedSDK\Light</Filter>
    </ClInclude>
    <ClInclude Include="UpParticle.h">
      <Filter>GameDefine\Scene\NotRelatedSDK\Effects\ParticleSystem</Filter>
    </ClInclude>
    <ClInclude Include="GlobalState.h">
      <Filter>GameDefine\SceneManager\Global</Filter>
    </ClInclude>
    <ClInclude Include="RenderList.h">
      <Filter>GameDefine\Scene\NotRelatedSDK\Camera</Filter>
    </ClInclude>
    <ClInclude Include="Fuben2.h">
      <Filter>Game\Scene</Filter>
    </ClInclude>
    <ClInclude Include="Gauss.h">
      <Filter>Game\Scene</Filter>
    </ClInclude>
    <ClInclude Include="BloomScene.h">
      <Filter>Game\Scene</Filter>
    </ClInclude>
    <ClInclude Include="HDR.h">
      <Filter>Game\Scene</Filter>
    </ClInclude>
    <ClInclude Include="2DScene.h">
      <Filter>Game\Scene</Filter>
    </ClInclude>
  </ItemGroup>
  <ItemGroup>
    <Filter Include="GameDefine">
      <UniqueIdentifier>{5b6c43c4-38a0-4a40-a923-a47d80dbf9a5}</UniqueIdentifier>
    </Filter>
    <Filter Include="Game">
      <UniqueIdentifier>{5a1232bf-1471-4fcd-9943-fe4e7224b585}</UniqueIdentifier>
    </Filter>
    <Filter Include="GameDefine\Main">
      <UniqueIdentifier>{e3e4d02b-23bf-486a-89ec-da3cbc284565}</UniqueIdentifier>
    </Filter>
    <Filter Include="GameDefine\Resourse">
      <UniqueIdentifier>{8155dc83-33de-4333-9ad8-ccac5b115275}</UniqueIdentifier>
    </Filter>
    <Filter Include="GameDefine\Scene">
      <UniqueIdentifier>{3daa8f38-021d-4c87-ac97-337e3dddccca}</UniqueIdentifier>
    </Filter>
    <Filter Include="GameDefine\SceneManager">
      <UniqueIdentifier>{fe7cab12-1f7f-4281-90b7-48d9f2d1cf44}</UniqueIdentifier>
    </Filter>
    <Filter Include="GameDefine\SceneManager\Global">
      <UniqueIdentifier>{0ac92bef-50dc-4427-a743-8df7f0a6752c}</UniqueIdentifier>
    </Filter>
    <Filter Include="GameDefine\Scene\RelatedSDK">
      <UniqueIdentifier>{8f700a02-3c37-47f7-8030-24ddd8b4b7b5}</UniqueIdentifier>
    </Filter>
    <Filter Include="GameDefine\Scene\NotRelatedSDK">
      <UniqueIdentifier>{1d947490-b7d3-4538-96d4-87cb6316db81}</UniqueIdentifier>
    </Filter>
    <Filter Include="GameDefine\Scene\NotRelatedSDK\GameObject">
      <UniqueIdentifier>{5df2a23f-9359-42c8-82d6-18ca86602a6f}</UniqueIdentifier>
    </Filter>
    <Filter Include="GameDefine\Scene\NotRelatedSDK\2D">
      <UniqueIdentifier>{20f7158e-ba20-4a00-aaa5-5d87d7f0da49}</UniqueIdentifier>
    </Filter>
    <Filter Include="GameDefine\Scene\NotRelatedSDK\Light">
      <UniqueIdentifier>{f786e780-2e90-477e-9a38-e99320b2974c}</UniqueIdentifier>
    </Filter>
    <Filter Include="Game\Scene">
      <UniqueIdentifier>{aba29f75-5d18-4d65-9d39-9d7380de867b}</UniqueIdentifier>
    </Filter>
    <Filter Include="Game\main">
      <UniqueIdentifier>{0d294cd7-912a-4556-b2f2-b1ecc44ec9a5}</UniqueIdentifier>
    </Filter>
    <Filter Include="GameDefine\Scene\NotRelatedSDK\Effects">
      <UniqueIdentifier>{b689c383-1865-469b-862b-3248eed506d5}</UniqueIdentifier>
    </Filter>
    <Filter Include="GameDefine\Scene\NotRelatedSDK\Effects\ParticleSystem">
      <UniqueIdentifier>{3bd26449-44ac-4b91-a778-8fda7f342d67}</UniqueIdentifier>
    </Filter>
    <Filter Include="GameDefine\Scene\NotRelatedSDK\Effects\Fog">
      <UniqueIdentifier>{66cc6c4f-3fd7-45a3-aeee-11f5ef8d6ff5}</UniqueIdentifier>
    </Filter>
    <Filter Include="GameDefine\Scene\RelatedSDK\Component">
      <UniqueIdentifier>{7d932f5b-f8e3-4d73-8a22-4a7ef2e6764a}</UniqueIdentifier>
    </Filter>
    <Filter Include="GameDefine\Scene\RelatedSDK\Component\Scene">
      <UniqueIdentifier>{09fb0cf8-1da1-414e-ba40-8c8d9be78a5c}</UniqueIdentifier>
    </Filter>
    <Filter Include="GameDefine\Scene\NotRelatedSDK\SkyBox">
      <UniqueIdentifier>{941bb596-6b58-44b8-bc05-dee0da64cab7}</UniqueIdentifier>
    </Filter>
    <Filter Include="GameDefine\Scene\NotRelatedSDK\Camera">
      <UniqueIdentifier>{c1e7efd2-5fb2-4036-9120-22a00049f7d4}</UniqueIdentifier>
    </Filter>
  </ItemGroup>
</Project>