<?xml version="1.0" encoding="utf-8"?>
<Project ToolsVersion="4.0" xmlns="http://schemas.microsoft.com/developer/msbuild/2003">
  <ItemGroup>
    <Filter Include="源文件">
      <UniqueIdentifier>{4FC737F1-C7A5-4376-A066-2A32D752A2FF}</UniqueIdentifier>
      <Extensions>cpp;c;cc;cxx;def;odl;idl;hpj;bat;asm;asmx</Extensions>
    </Filter>
    <Filter Include="头文件">
      <UniqueIdentifier>{93995380-89BD-4b04-88EB-625FBE52EBFB}</UniqueIdentifier>
      <Extensions>h;hh;hpp;hxx;hm;inl;inc;xsd</Extensions>
    </Filter>
    <Filter Include="资源文件">
      <UniqueIdentifier>{67DA6AB6-F800-4c08-8B7A-83BB121AAD01}</UniqueIdentifier>
      <Extensions>rc;ico;cur;bmp;dlg;rc2;rct;bin;rgs;gif;jpg;jpeg;jpe;resx;tiff;tif;png;wav;mfcribbon-ms</Extensions>
    </Filter>
  </ItemGroup>
  <ItemGroup>
    <None Include="D:\资源\游戏引擎-渲染\source\Lesson13-skin-2\PlugMaxDlg.aps" />
    <None Include="D:\资源\游戏引擎-渲染\source\Lesson13-skin-2\PlugMaxDlg.def">
      <Filter>源文件</Filter>
    </None>
  </ItemGroup>
  <ItemGroup>
    <ClCompile Include="D:\资源\游戏引擎-渲染\source\Lesson13-skin-2\ExportMainDlg.cpp">
      <Filter>源文件</Filter>
    </ClCompile>
    <ClCompile Include="D:\资源\游戏引擎-渲染\source\Lesson13-skin-2\PlugMaxApp.cpp">
      <Filter>源文件</Filter>
    </ClCompile>
    <ClCompile Include="D:\资源\游戏引擎-渲染\source\Lesson13-skin-2\PlugMaxExporter.cpp">
      <Filter>源文件</Filter>
    </ClCompile>
    <ClCompile Include="D:\资源\游戏引擎-渲染\source\Lesson13-skin-2\SkinExporter.cpp">
      <Filter>源文件</Filter>
    </ClCompile>
    <ClCompile Include="D:\资源\游戏引擎-渲染\source\Lesson13-skin-2\StaticMeshExporter.cpp">
      <Filter>源文件</Filter>
    </ClCompile>
    <ClCompile Include="D:\资源\游戏引擎-渲染\source\Lesson13-skin-2\stdafx.cpp">
      <Filter>源文件</Filter>
    </ClCompile>
  </ItemGroup>
  <ItemGroup>
    <ClInclude Include="D:\资源\游戏引擎-渲染\source\Lesson13-skin-2\ExportMainDlg.h">
      <Filter>头文件</Filter>
    </ClInclude>
    <ClInclude Include="D:\资源\游戏引擎-渲染\source\Lesson13-skin-2\PlugMaxApp.h">
      <Filter>头文件</Filter>
    </ClInclude>
    <ClInclude Include="D:\资源\游戏引擎-渲染\source\Lesson13-skin-2\PlugMaxExporter.h">
      <Filter>头文件</Filter>
    </ClInclude>
    <ClInclude Include="D:\资源\游戏引擎-渲染\source\Lesson13-skin-2\resource.h">
      <Filter>头文件</Filter>
    </ClInclude>
    <ClInclude Include="D:\资源\游戏引擎-渲染\source\Lesson13-skin-2\SkinExporter.h">
      <Filter>头文件</Filter>
    </ClInclude>
    <ClInclude Include="D:\资源\游戏引擎-渲染\source\Lesson13-skin-2\StaticMeshExporter.h">
      <Filter>头文件</Filter>
    </ClInclude>
    <ClInclude Include="D:\资源\游戏引擎-渲染\source\Lesson13-skin-2\stdafx.h">
      <Filter>头文件</Filter>
    </ClInclude>
  </ItemGroup>
  <ItemGroup>
    <ResourceCompile Include="D:\资源\游戏引擎-渲染\source\Lesson13-skin-2\PlugMaxDlg.rc">
      <Filter>资源文件</Filter>
    </ResourceCompile>
  </ItemGroup>
</Project>