<?xml version="1.0" encoding="utf-8"?>
<Project ToolsVersion="4.0" xmlns="http://schemas.microsoft.com/developer/msbuild/2003">
  <ItemGroup>
    <Filter Include="luavm">
      <UniqueIdentifier>{03fc816d-4767-4ab8-80c7-583cca027ffb}</UniqueIdentifier>
    </Filter>
    <Filter Include="main">
      <UniqueIdentifier>{ebd5f3fd-e2da-4072-bd74-bae6f9b9a9b0}</UniqueIdentifier>
    </Filter>
    <Filter Include="main2">
      <UniqueIdentifier>{3ac65377-631a-44a5-a30a-ec0814b5127c}</UniqueIdentifier>
    </Filter>
    <Filter Include="main3">
      <UniqueIdentifier>{bc6a6159-5229-4c3c-9a41-0e0f38b88d1d}</UniqueIdentifier>
    </Filter>
  </ItemGroup>
  <ItemGroup>
    <ClCompile Include="lapi.c">
      <Filter>luavm</Filter>
    </ClCompile>
    <ClCompile Include="lauxlib.c">
      <Filter>luavm</Filter>
    </ClCompile>
    <ClCompile Include="lbaselib.c">
      <Filter>luavm</Filter>
    </ClCompile>
    <ClCompile Include="lbitlib.c">
      <Filter>luavm</Filter>
    </ClCompile>
    <ClCompile Include="lcode.c">
      <Filter>luavm</Filter>
    </ClCompile>
    <ClCompile Include="lcorolib.c">
      <Filter>luavm</Filter>
    </ClCompile>
    <ClCompile Include="lctype.c">
      <Filter>luavm</Filter>
    </ClCompile>
    <ClCompile Include="ldblib.c">
      <Filter>luavm</Filter>
    </ClCompile>
    <ClCompile Include="ldebug.c">
      <Filter>luavm</Filter>
    </ClCompile>
    <ClCompile Include="ldo.c">
      <Filter>luavm</Filter>
    </ClCompile>
    <ClCompile Include="ldump.c">
      <Filter>luavm</Filter>
    </ClCompile>
    <ClCompile Include="lfunc.c">
      <Filter>luavm</Filter>
    </ClCompile>
    <ClCompile Include="lgc.c">
      <Filter>luavm</Filter>
    </ClCompile>
    <ClCompile Include="linit.c">
      <Filter>luavm</Filter>
    </ClCompile>
    <ClCompile Include="liolib.c">
      <Filter>luavm</Filter>
    </ClCompile>
    <ClCompile Include="llex.c">
      <Filter>luavm</Filter>
    </ClCompile>
    <ClCompile Include="lmathlib.c">
      <Filter>luavm</Filter>
    </ClCompile>
    <ClCompile Include="lmem.c">
      <Filter>luavm</Filter>
    </ClCompile>
    <ClCompile Include="loadlib.c">
      <Filter>luavm</Filter>
    </ClCompile>
    <ClCompile Include="lobject.c">
      <Filter>luavm</Filter>
    </ClCompile>
    <ClCompile Include="lopcodes.c">
      <Filter>luavm</Filter>
    </ClCompile>
    <ClCompile Include="loslib.c">
      <Filter>luavm</Filter>
    </ClCompile>
    <ClCompile Include="lparser.c">
      <Filter>luavm</Filter>
    </ClCompile>
    <ClCompile Include="lstate.c">
      <Filter>luavm</Filter>
    </ClCompile>
    <ClCompile Include="lstring.c">
      <Filter>luavm</Filter>
    </ClCompile>
    <ClCompile Include="lstrlib.c">
      <Filter>luavm</Filter>
    </ClCompile>
    <ClCompile Include="ltable.c">
      <Filter>luavm</Filter>
    </ClCompile>
    <ClCompile Include="ltablib.c">
      <Filter>luavm</Filter>
    </ClCompile>
    <ClCompile Include="ltm.c">
      <Filter>luavm</Filter>
    </ClCompile>
    <ClCompile Include="lundump.c">
      <Filter>luavm</Filter>
    </ClCompile>
    <ClCompile Include="lutf8lib.c">
      <Filter>luavm</Filter>
    </ClCompile>
    <ClCompile Include="lvm.c">
      <Filter>luavm</Filter>
    </ClCompile>
    <ClCompile Include="lzio.c">
      <Filter>luavm</Filter>
    </ClCompile>
    <ClCompile Include="main.cpp">
      <Filter>main</Filter>
    </ClCompile>
    <ClCompile Include="main2.cpp">
      <Filter>main2</Filter>
    </ClCompile>
    <ClCompile Include="main3.cpp">
      <Filter>main3</Filter>
    </ClCompile>
    <ClCompile Include="Function.cpp" />
  </ItemGroup>
  <ItemGroup>
    <ClInclude Include="lapi.h">
      <Filter>luavm</Filter>
    </ClInclude>
    <ClInclude Include="lauxlib.h">
      <Filter>luavm</Filter>
    </ClInclude>
    <ClInclude Include="lcode.h">
      <Filter>luavm</Filter>
    </ClInclude>
    <ClInclude Include="lctype.h">
      <Filter>luavm</Filter>
    </ClInclude>
    <ClInclude Include="ldebug.h">
      <Filter>luavm</Filter>
    </ClInclude>
    <ClInclude Include="ldo.h">
      <Filter>luavm</Filter>
    </ClInclude>
    <ClInclude Include="lfunc.h">
      <Filter>luavm</Filter>
    </ClInclude>
    <ClInclude Include="lgc.h">
      <Filter>luavm</Filter>
    </ClInclude>
    <ClInclude Include="llex.h">
      <Filter>luavm</Filter>
    </ClInclude>
    <ClInclude Include="llimits.h">
      <Filter>luavm</Filter>
    </ClInclude>
    <ClInclude Include="lmem.h">
      <Filter>luavm</Filter>
    </ClInclude>
    <ClInclude Include="lobject.h">
      <Filter>luavm</Filter>
    </ClInclude>
    <ClInclude Include="lopcodes.h">
      <Filter>luavm</Filter>
    </ClInclude>
    <ClInclude Include="lparser.h">
      <Filter>luavm</Filter>
    </ClInclude>
    <ClInclude Include="lprefix.h">
      <Filter>luavm</Filter>
    </ClInclude>
    <ClInclude Include="lstate.h">
      <Filter>luavm</Filter>
    </ClInclude>
    <ClInclude Include="lstring.h">
      <Filter>luavm</Filter>
    </ClInclude>
    <ClInclude Include="ltable.h">
      <Filter>luavm</Filter>
    </ClInclude>
    <ClInclude Include="ltm.h">
      <Filter>luavm</Filter>
    </ClInclude>
    <ClInclude Include="lua.h">
      <Filter>luavm</Filter>
    </ClInclude>
    <ClInclude Include="lua.hpp">
      <Filter>luavm</Filter>
    </ClInclude>
    <ClInclude Include="luaconf.h">
      <Filter>luavm</Filter>
    </ClInclude>
    <ClInclude Include="lualib.h">
      <Filter>luavm</Filter>
    </ClInclude>
    <ClInclude Include="lundump.h">
      <Filter>luavm</Filter>
    </ClInclude>
    <ClInclude Include="lvm.h">
      <Filter>luavm</Filter>
    </ClInclude>
    <ClInclude Include="lzio.h">
      <Filter>luavm</Filter>
    </ClInclude>
    <ClInclude Include="main.h" />
  </ItemGroup>
  <ItemGroup>
    <None Include="Makefile">
      <Filter>luavm</Filter>
    </None>
    <None Include="main.lua">
      <Filter>main</Filter>
    </None>
    <None Include="main2.lua">
      <Filter>main2</Filter>
    </None>
    <None Include="main3.lua">
      <Filter>main3</Filter>
    </None>
  </ItemGroup>
</Project>