
Microsoft Visual Studio Solution File, Format Version 12.00
# Visual Studio 2013
VisualStudioVersion = 12.0.30501.0
MinimumVisualStudioVersion = 10.0.40219.1
Project("{8BC9CEB8-8B4A-11D0-8D11-00A0C91BC942}") = "人工智能——随机算法", "人工智能——随机算法\人工智能——随机算法.vcxproj", "{B017FD87-1DD0-4ACA-9A10-3D38CB1D8F7F}"
EndProject
Global
	GlobalSection(SolutionConfigurationPlatforms) = preSolution
		Debug|Win32 = Debug|Win32
		Release|Win32 = Release|Win32
	EndGlobalSection
	GlobalSection(ProjectConfigurationPlatforms) = postSolution
		{B017FD87-1DD0-4ACA-9A10-3D38CB1D8F7F}.Debug|Win32.ActiveCfg = Debug|Win32
		{B017FD87-1DD0-4ACA-9A10-3D38CB1D8F7F}.Debug|Win32.Build.0 = Debug|Win32
		{B017FD87-1DD0-4ACA-9A10-3D38CB1D8F7F}.Release|Win32.ActiveCfg = Release|Win32
		{B017FD87-1DD0-4ACA-9A10-3D38CB1D8F7F}.Release|Win32.Build.0 = Release|Win32
	EndGlobalSection
	GlobalSection(SolutionProperties) = preSolution
		HideSolutionNode = FALSE
	EndGlobalSection
EndGlobal
