
Microsoft Visual Studio Solution File, Format Version 12.00
# Visual Studio 2013
Project("{FAE04EC0-301F-11D3-BF4B-00C04F79EFBC}") = "DrawCard.CSharp", "DrawCard.CSharp.csproj", "{9FFBF284-1E48-CC31-E31E-1908BE27E877}"
EndProject
Project("{FAE04EC0-301F-11D3-BF4B-00C04F79EFBC}") = "DrawCard.CSharp.Editor", "DrawCard.CSharp.Editor.csproj", "{491371FA-1CF8-6606-54C0-C69EABCE7DA1}"
EndProject
Global
	GlobalSection(SolutionConfigurationPlatforms) = preSolution
		Debug|Any CPU = Debug|Any CPU
		Release|Any CPU = Release|Any CPU
	EndGlobalSection
	GlobalSection(ProjectConfigurationPlatforms) = postSolution
		{9FFBF284-1E48-CC31-E31E-1908BE27E877}.Debug|Any CPU.ActiveCfg = Debug|Any CPU
		{9FFBF284-1E48-CC31-E31E-1908BE27E877}.Debug|Any CPU.Build.0 = Debug|Any CPU
		{9FFBF284-1E48-CC31-E31E-1908BE27E877}.Release|Any CPU.ActiveCfg = Release|Any CPU
		{9FFBF284-1E48-CC31-E31E-1908BE27E877}.Release|Any CPU.Build.0 = Release|Any CPU
		{491371FA-1CF8-6606-54C0-C69EABCE7DA1}.Debug|Any CPU.ActiveCfg = Debug|Any CPU
		{491371FA-1CF8-6606-54C0-C69EABCE7DA1}.Debug|Any CPU.Build.0 = Debug|Any CPU
		{491371FA-1CF8-6606-54C0-C69EABCE7DA1}.Release|Any CPU.ActiveCfg = Release|Any CPU
		{491371FA-1CF8-6606-54C0-C69EABCE7DA1}.Release|Any CPU.Build.0 = Release|Any CPU
	EndGlobalSection
	GlobalSection(SolutionProperties) = preSolution
		HideSolutionNode = FALSE
	EndGlobalSection
EndGlobal
