
Microsoft Visual Studio Solution File, Format Version 12.00
# Visual Studio 2013
VisualStudioVersion = 12.0.30501.0
MinimumVisualStudioVersion = 10.0.40219.1
Project("{FAE04EC0-301F-11D3-BF4B-00C04F79EFBC}") = "LoLServer", "LoLServer\LoLServer.csproj", "{0249AF1C-EF34-4B11-B936-F3D9F92AB7DA}"
EndProject
Project("{FAE04EC0-301F-11D3-BF4B-00C04F79EFBC}") = "NetFrame", "NetFrame\NetFrame.csproj", "{A5C3D034-AEB1-4A23-89F7-4ADE665B1EEF}"
EndProject
Global
	GlobalSection(SolutionConfigurationPlatforms) = preSolution
		Debug|Any CPU = Debug|Any CPU
		Release|Any CPU = Release|Any CPU
	EndGlobalSection
	GlobalSection(ProjectConfigurationPlatforms) = postSolution
		{0249AF1C-EF34-4B11-B936-F3D9F92AB7DA}.Debug|Any CPU.ActiveCfg = Debug|Any CPU
		{0249AF1C-EF34-4B11-B936-F3D9F92AB7DA}.Debug|Any CPU.Build.0 = Debug|Any CPU
		{0249AF1C-EF34-4B11-B936-F3D9F92AB7DA}.Release|Any CPU.ActiveCfg = Release|Any CPU
		{0249AF1C-EF34-4B11-B936-F3D9F92AB7DA}.Release|Any CPU.Build.0 = Release|Any CPU
		{A5C3D034-AEB1-4A23-89F7-4ADE665B1EEF}.Debug|Any CPU.ActiveCfg = Debug|Any CPU
		{A5C3D034-AEB1-4A23-89F7-4ADE665B1EEF}.Debug|Any CPU.Build.0 = Debug|Any CPU
		{A5C3D034-AEB1-4A23-89F7-4ADE665B1EEF}.Release|Any CPU.ActiveCfg = Release|Any CPU
		{A5C3D034-AEB1-4A23-89F7-4ADE665B1EEF}.Release|Any CPU.Build.0 = Release|Any CPU
	EndGlobalSection
	GlobalSection(SolutionProperties) = preSolution
		HideSolutionNode = FALSE
	EndGlobalSection
EndGlobal
