<?xml version="1.0" encoding="utf-8"?>
<Project ToolsVersion="4.0" xmlns="http://schemas.microsoft.com/developer/msbuild/2003">
  <ItemGroup>
    <Filter Include="源文件">
      <UniqueIdentifier>{4FC737F1-C7A5-4376-A066-2A32D752A2FF}</UniqueIdentifier>
      <Extensions>cpp;c;cc;cxx;def;odl;idl;hpj;bat;asm;asmx</Extensions>
    </Filter>
    <Filter Include="头文件">
      <UniqueIdentifier>{93995380-89BD-4b04-88EB-625FBE52EBFB}</UniqueIdentifier>
      <Extensions>h;hh;hpp;hxx;hm;inl;inc;xsd</Extensions>
    </Filter>
    <Filter Include="资源文件">
      <UniqueIdentifier>{67DA6AB6-F800-4c08-8B7A-83BB121AAD01}</UniqueIdentifier>
      <Extensions>rc;ico;cur;bmp;dlg;rc2;rct;bin;rgs;gif;jpg;jpeg;jpe;resx;tiff;tif;png;wav;mfcribbon-ms</Extensions>
    </Filter>
    <Filter Include="点和圆分开">
      <UniqueIdentifier>{291fa560-0e24-4bb0-9428-56a1bc4788bc}</UniqueIdentifier>
    </Filter>
  </ItemGroup>
  <ItemGroup>
    <ClCompile Include="dm01_类的封装.cpp">
      <Filter>源文件</Filter>
    </ClCompile>
    <ClCompile Include="dm02_mycube.cpp">
      <Filter>源文件</Filter>
    </ClCompile>
    <ClCompile Include="dm03_点和圆形.cpp">
      <Filter>源文件</Filter>
    </ClCompile>
    <ClCompile Include="dm12_指针的引用.cpp">
      <Filter>源文件</Filter>
    </ClCompile>
    <ClCompile Include="dm13_常量引用.cpp">
      <Filter>源文件</Filter>
    </ClCompile>
    <ClCompile Include="dm14_inline内联函数.cpp">
      <Filter>源文件</Filter>
    </ClCompile>
    <ClCompile Include="dm15_函数参数相关的扩展.cpp">
      <Filter>源文件</Filter>
    </ClCompile>
    <ClCompile Include="dm16_函数重载基础.cpp">
      <Filter>源文件</Filter>
    </ClCompile>
    <ClCompile Include="dm17_函数重载和函数指针在一起.cpp">
      <Filter>源文件</Filter>
    </ClCompile>
    <ClCompile Include="mainclass.cpp">
      <Filter>源文件</Filter>
    </ClCompile>
    <ClCompile Include="MyTeacher.cpp">
      <Filter>源文件</Filter>
    </ClCompile>
    <ClCompile Include="点和圆分开\AdvCircle.cpp">
      <Filter>点和圆分开</Filter>
    </ClCompile>
    <ClCompile Include="点和圆分开\mainclass.cpp">
      <Filter>点和圆分开</Filter>
    </ClCompile>
    <ClCompile Include="点和圆分开\MyPoint.cpp">
      <Filter>点和圆分开</Filter>
    </ClCompile>
  </ItemGroup>
  <ItemGroup>
    <ClInclude Include="MyTeacher.h">
      <Filter>头文件</Filter>
    </ClInclude>
    <ClInclude Include="点和圆分开\MyPoint.h">
      <Filter>点和圆分开</Filter>
    </ClInclude>
    <ClInclude Include="点和圆分开\AdvCircle.h">
      <Filter>点和圆分开</Filter>
    </ClInclude>
  </ItemGroup>
</Project>