
Microsoft Visual Studio Solution File, Format Version 12.00
# Visual Studio 2013
VisualStudioVersion = 12.0.30501.0
MinimumVisualStudioVersion = 10.0.40219.1
Project("{8BC9CEB8-8B4A-11D0-8D11-00A0C91BC942}") = "排序算法", "排序算法\排序算法.vcxproj", "{0377030C-E1E9-40C8-8B5B-2D0F46AE1533}"
EndProject
Global
	GlobalSection(SolutionConfigurationPlatforms) = preSolution
		Debug|Win32 = Debug|Win32
		Release|Win32 = Release|Win32
	EndGlobalSection
	GlobalSection(ProjectConfigurationPlatforms) = postSolution
		{0377030C-E1E9-40C8-8B5B-2D0F46AE1533}.Debug|Win32.ActiveCfg = Debug|Win32
		{0377030C-E1E9-40C8-8B5B-2D0F46AE1533}.Debug|Win32.Build.0 = Debug|Win32
		{0377030C-E1E9-40C8-8B5B-2D0F46AE1533}.Release|Win32.ActiveCfg = Release|Win32
		{0377030C-E1E9-40C8-8B5B-2D0F46AE1533}.Release|Win32.Build.0 = Release|Win32
	EndGlobalSection
	GlobalSection(SolutionProperties) = preSolution
		HideSolutionNode = FALSE
	EndGlobalSection
EndGlobal
