<?xml version="1.0" encoding="utf-8"?>
<Project ToolsVersion="4.0" xmlns="http://schemas.microsoft.com/developer/msbuild/2003">
  <ItemGroup>
    <ClCompile Include="Utlis.cpp">
      <Filter>Tools</Filter>
    </ClCompile>
    <ClCompile Include="main.cpp">
      <Filter>Main</Filter>
    </ClCompile>
    <ClCompile Include="SkyBox.cpp">
      <Filter>GameObject</Filter>
    </ClCompile>
    <ClCompile Include="Model.cpp">
      <Filter>GameObject</Filter>
    </ClCompile>
    <ClCompile Include="Ground.cpp">
      <Filter>GameObject</Filter>
    </ClCompile>
    <ClCompile Include="Light.cpp">
      <Filter>GameObject</Filter>
    </ClCompile>
    <ClCompile Include="Scene.cpp">
      <Filter>Main</Filter>
    </ClCompile>
    <ClCompile Include="Vector.cpp">
      <Filter>Mathf</Filter>
    </ClCompile>
    <ClCompile Include="Camera.cpp">
      <Filter>GameObject</Filter>
    </ClCompile>
    <ClCompile Include="Sprite.cpp">
      <Filter>GameObject</Filter>
    </ClCompile>
    <ClCompile Include="ParticleSystem.cpp">
      <Filter>GameObject</Filter>
    </ClCompile>
    <ClCompile Include="Vertex.cpp">
      <Filter>GameDefine</Filter>
    </ClCompile>
    <ClCompile Include="Shader.cpp">
      <Filter>GameDefine</Filter>
    </ClCompile>
  </ItemGroup>
  <ItemGroup>
    <ClInclude Include="Utils.h">
      <Filter>Tools</Filter>
    </ClInclude>
    <ClInclude Include="ggl.h">
      <Filter>Main</Filter>
    </ClInclude>
    <ClInclude Include="SkyBox.h">
      <Filter>GameObject</Filter>
    </ClInclude>
    <ClInclude Include="Model.h">
      <Filter>GameObject</Filter>
    </ClInclude>
    <ClInclude Include="Ground.h">
      <Filter>GameObject</Filter>
    </ClInclude>
    <ClInclude Include="Light.h">
      <Filter>GameObject</Filter>
    </ClInclude>
    <ClInclude Include="Scene.h">
      <Filter>Main</Filter>
    </ClInclude>
    <ClInclude Include="Vector3.h">
      <Filter>Mathf</Filter>
    </ClInclude>
    <ClInclude Include="Camera.h">
      <Filter>GameObject</Filter>
    </ClInclude>
    <ClInclude Include="Sprite.h">
      <Filter>GameObject</Filter>
    </ClInclude>
    <ClInclude Include="Pixel.h">
      <Filter>Mathf</Filter>
    </ClInclude>
    <ClInclude Include="ParticleSystem.h">
      <Filter>GameObject</Filter>
    </ClInclude>
    <ClInclude Include="Mathf.h">
      <Filter>Mathf</Filter>
    </ClInclude>
    <ClInclude Include="Vertex.h">
      <Filter>GameDefine</Filter>
    </ClInclude>
    <ClInclude Include="Shader.h">
      <Filter>GameDefine</Filter>
    </ClInclude>
    <ClInclude Include="resource.h" />
  </ItemGroup>
  <ItemGroup>
    <Filter Include="Tools">
      <UniqueIdentifier>{6cddd59b-a865-49f4-ae8c-9c877296ce8c}</UniqueIdentifier>
    </Filter>
    <Filter Include="Main">
      <UniqueIdentifier>{e3e4d02b-23bf-486a-89ec-da3cbc284565}</UniqueIdentifier>
    </Filter>
    <Filter Include="Mathf">
      <UniqueIdentifier>{4c53e6dc-22d0-44a3-b81f-8f1fe7caed27}</UniqueIdentifier>
    </Filter>
    <Filter Include="GameObject">
      <UniqueIdentifier>{1f6ee358-6a9a-4834-afbc-c1f6fb8b8364}</UniqueIdentifier>
    </Filter>
    <Filter Include="GameDefine">
      <UniqueIdentifier>{5b6c43c4-38a0-4a40-a923-a47d80dbf9a5}</UniqueIdentifier>
    </Filter>
    <Filter Include="Shader">
      <UniqueIdentifier>{8676c22f-0b07-4be3-a7aa-a66d0795cd9b}</UniqueIdentifier>
    </Filter>
    <Filter Include="Tools\Lib">
      <UniqueIdentifier>{1b3fb27a-9e02-4619-8742-1d6414b9694a}</UniqueIdentifier>
    </Filter>
  </ItemGroup>
  <ItemGroup>
    <None Include="res\obj.vert">
      <Filter>Shader</Filter>
    </None>
    <None Include="res\obj.frag">
      <Filter>Shader</Filter>
    </None>
    <None Include="res\ground.frag">
      <Filter>Shader</Filter>
    </None>
    <None Include="res\ground.vert">
      <Filter>Shader</Filter>
    </None>
    <None Include="res\test.vert">
      <Filter>Shader</Filter>
    </None>
    <None Include="res\text.frag">
      <Filter>Shader</Filter>
    </None>
    <None Include="packages.config">
      <Filter>Tools\Lib</Filter>
    </None>
  </ItemGroup>
  <ItemGroup>
    <ResourceCompile Include="OpenGL渲染环境.rc">
      <Filter>Tools\Lib</Filter>
    </ResourceCompile>
  </ItemGroup>
</Project>