
Microsoft Visual Studio Solution File, Format Version 12.00
# Visual Studio 2013
Project("{FAE04EC0-301F-11D3-BF4B-00C04F79EFBC}") = "PlaneGame.CSharp", "PlaneGame.CSharp.csproj", "{FDE53D60-2C3B-C163-3D09-FE0E66ACB3D1}"
EndProject
Project("{FAE04EC0-301F-11D3-BF4B-00C04F79EFBC}") = "PlaneGame.CSharp.Editor", "PlaneGame.CSharp.Editor.csproj", "{08ECA6F4-1FD5-8137-EF68-5695D786785C}"
EndProject
Global
	GlobalSection(SolutionConfigurationPlatforms) = preSolution
		Debug|Any CPU = Debug|Any CPU
		Release|Any CPU = Release|Any CPU
	EndGlobalSection
	GlobalSection(ProjectConfigurationPlatforms) = postSolution
		{FDE53D60-2C3B-C163-3D09-FE0E66ACB3D1}.Debug|Any CPU.ActiveCfg = Debug|Any CPU
		{FDE53D60-2C3B-C163-3D09-FE0E66ACB3D1}.Debug|Any CPU.Build.0 = Debug|Any CPU
		{FDE53D60-2C3B-C163-3D09-FE0E66ACB3D1}.Release|Any CPU.ActiveCfg = Release|Any CPU
		{FDE53D60-2C3B-C163-3D09-FE0E66ACB3D1}.Release|Any CPU.Build.0 = Release|Any CPU
		{08ECA6F4-1FD5-8137-EF68-5695D786785C}.Debug|Any CPU.ActiveCfg = Debug|Any CPU
		{08ECA6F4-1FD5-8137-EF68-5695D786785C}.Debug|Any CPU.Build.0 = Debug|Any CPU
		{08ECA6F4-1FD5-8137-EF68-5695D786785C}.Release|Any CPU.ActiveCfg = Release|Any CPU
		{08ECA6F4-1FD5-8137-EF68-5695D786785C}.Release|Any CPU.Build.0 = Release|Any CPU
	EndGlobalSection
	GlobalSection(SolutionProperties) = preSolution
		HideSolutionNode = FALSE
	EndGlobalSection
EndGlobal
