<?xml version="1.0" encoding="utf-8"?>
<Project ToolsVersion="4.0" xmlns="http://schemas.microsoft.com/developer/msbuild/2003">
  <ItemGroup>
    <Filter Include="资源文件">
      <UniqueIdentifier>{67DA6AB6-F800-4c08-8B7A-83BB121AAD01}</UniqueIdentifier>
      <Extensions>rc;ico;cur;bmp;dlg;rc2;rct;bin;rgs;gif;jpg;jpeg;jpe;resx;tiff;tif;png;wav;mfcribbon-ms</Extensions>
    </Filter>
    <Filter Include="资源文件\Main">
      <UniqueIdentifier>{41325097-162d-480d-acaa-52a551026e44}</UniqueIdentifier>
    </Filter>
    <Filter Include="资源文件\Utils">
      <UniqueIdentifier>{077aebba-331a-4f2f-8627-24d16eb65783}</UniqueIdentifier>
    </Filter>
    <Filter Include="资源文件\Scene">
      <UniqueIdentifier>{59c9d416-97a7-4f33-852e-0d6c42f324ce}</UniqueIdentifier>
    </Filter>
    <Filter Include="资源文件\Resource">
      <UniqueIdentifier>{6d1ef1d5-373b-4107-b020-8be10bec5add}</UniqueIdentifier>
    </Filter>
    <Filter Include="资源文件\Render">
      <UniqueIdentifier>{3ba308b2-8044-43f1-91cf-24fa0942f86e}</UniqueIdentifier>
    </Filter>
    <Filter Include="资源文件\Mathf">
      <UniqueIdentifier>{2a815a1b-dc96-4a3e-b738-efe25c83f67d}</UniqueIdentifier>
    </Filter>
  </ItemGroup>
  <ItemGroup>
    <ClCompile Include="Lesson3-texture2d.cpp">
      <Filter>资源文件\Main</Filter>
    </ClCompile>
  </ItemGroup>
  <ItemGroup>
    <ClInclude Include="CELLWinApp.hpp">
      <Filter>资源文件\Main</Filter>
    </ClInclude>
    <ClInclude Include="Texture2dApp.hpp">
      <Filter>资源文件\Render</Filter>
    </ClInclude>
    <ClInclude Include="CELLShader.hpp">
      <Filter>资源文件\Render</Filter>
    </ClInclude>
  </ItemGroup>
</Project>