
Microsoft Visual Studio Solution File, Format Version 12.00
# Visual Studio 2013
Project("{FAE04EC0-301F-11D3-BF4B-00C04F79EFBC}") = "ActionGame.CSharp", "ActionGame.CSharp.csproj", "{CDA8CDDF-26F3-96E1-75B7-EC5806BB9A7E}"
EndProject
Project("{FAE04EC0-301F-11D3-BF4B-00C04F79EFBC}") = "ActionGame.CSharp.Editor", "ActionGame.CSharp.Editor.csproj", "{36194878-5110-360E-AF5F-8DBF8E436948}"
EndProject
Global
	GlobalSection(SolutionConfigurationPlatforms) = preSolution
		Debug|Any CPU = Debug|Any CPU
		Release|Any CPU = Release|Any CPU
	EndGlobalSection
	GlobalSection(ProjectConfigurationPlatforms) = postSolution
		{CDA8CDDF-26F3-96E1-75B7-EC5806BB9A7E}.Debug|Any CPU.ActiveCfg = Debug|Any CPU
		{CDA8CDDF-26F3-96E1-75B7-EC5806BB9A7E}.Debug|Any CPU.Build.0 = Debug|Any CPU
		{CDA8CDDF-26F3-96E1-75B7-EC5806BB9A7E}.Release|Any CPU.ActiveCfg = Release|Any CPU
		{CDA8CDDF-26F3-96E1-75B7-EC5806BB9A7E}.Release|Any CPU.Build.0 = Release|Any CPU
		{36194878-5110-360E-AF5F-8DBF8E436948}.Debug|Any CPU.ActiveCfg = Debug|Any CPU
		{36194878-5110-360E-AF5F-8DBF8E436948}.Debug|Any CPU.Build.0 = Debug|Any CPU
		{36194878-5110-360E-AF5F-8DBF8E436948}.Release|Any CPU.ActiveCfg = Release|Any CPU
		{36194878-5110-360E-AF5F-8DBF8E436948}.Release|Any CPU.Build.0 = Release|Any CPU
	EndGlobalSection
	GlobalSection(SolutionProperties) = preSolution
		HideSolutionNode = FALSE
	EndGlobalSection
EndGlobal
