
Microsoft Visual Studio Solution File, Format Version 12.00
# Visual Studio 2013
VisualStudioVersion = 12.0.30501.0
MinimumVisualStudioVersion = 10.0.40219.1
Project("{8BC9CEB8-8B4A-11D0-8D11-00A0C91BC942}") = "C++Primer第九章顺序容器", "C++Primer第九章顺序容器\C++Primer第九章顺序容器.vcxproj", "{D6CA2321-01C1-40C2-B7E2-E5D4C5A9B7A2}"
EndProject
Global
	GlobalSection(SolutionConfigurationPlatforms) = preSolution
		Debug|Win32 = Debug|Win32
		Release|Win32 = Release|Win32
	EndGlobalSection
	GlobalSection(ProjectConfigurationPlatforms) = postSolution
		{D6CA2321-01C1-40C2-B7E2-E5D4C5A9B7A2}.Debug|Win32.ActiveCfg = Debug|Win32
		{D6CA2321-01C1-40C2-B7E2-E5D4C5A9B7A2}.Debug|Win32.Build.0 = Debug|Win32
		{D6CA2321-01C1-40C2-B7E2-E5D4C5A9B7A2}.Release|Win32.ActiveCfg = Release|Win32
		{D6CA2321-01C1-40C2-B7E2-E5D4C5A9B7A2}.Release|Win32.Build.0 = Release|Win32
	EndGlobalSection
	GlobalSection(SolutionProperties) = preSolution
		HideSolutionNode = FALSE
	EndGlobalSection
EndGlobal
