<?xml version="1.0" encoding="utf-8"?>
<Project ToolsVersion="4.0" xmlns="http://schemas.microsoft.com/developer/msbuild/2003">
  <ItemGroup>
    <ClCompile Include="Utlis.cpp">
      <Filter>GameDefine\Tools</Filter>
    </ClCompile>
    <ClCompile Include="main.cpp">
      <Filter>Main</Filter>
    </ClCompile>
    <ClCompile Include="SkyBox.cpp">
      <Filter>GameDefine\GameObject</Filter>
    </ClCompile>
    <ClCompile Include="Model.cpp">
      <Filter>GameDefine\GameObject</Filter>
    </ClCompile>
    <ClCompile Include="Ground.cpp">
      <Filter>GameDefine\GameObject</Filter>
    </ClCompile>
    <ClCompile Include="Light.cpp">
      <Filter>GameDefine\GameObject</Filter>
    </ClCompile>
    <ClCompile Include="Scene.cpp">
      <Filter>Main</Filter>
    </ClCompile>
    <ClCompile Include="Camera.cpp">
      <Filter>GameDefine\GameObject</Filter>
    </ClCompile>
    <ClCompile Include="Sprite.cpp">
      <Filter>GameDefine\GameObject</Filter>
    </ClCompile>
    <ClCompile Include="ParticleSystem.cpp">
      <Filter>GameDefine\GameObject</Filter>
    </ClCompile>
    <ClCompile Include="Vertex.cpp">
      <Filter>GameDefine</Filter>
    </ClCompile>
    <ClCompile Include="Shader.cpp">
      <Filter>GameDefine</Filter>
    </ClCompile>
    <ClCompile Include="Resource.cpp">
      <Filter>GameDefine</Filter>
    </ClCompile>
  </ItemGroup>
  <ItemGroup>
    <ClInclude Include="Utils.h">
      <Filter>GameDefine\Tools</Filter>
    </ClInclude>
    <ClInclude Include="ggl.h">
      <Filter>Main</Filter>
    </ClInclude>
    <ClInclude Include="SkyBox.h">
      <Filter>GameDefine\GameObject</Filter>
    </ClInclude>
    <ClInclude Include="Model.h">
      <Filter>GameDefine\GameObject</Filter>
    </ClInclude>
    <ClInclude Include="Ground.h">
      <Filter>GameDefine\GameObject</Filter>
    </ClInclude>
    <ClInclude Include="Light.h">
      <Filter>GameDefine\GameObject</Filter>
    </ClInclude>
    <ClInclude Include="Camera.h">
      <Filter>GameDefine\GameObject</Filter>
    </ClInclude>
    <ClInclude Include="Sprite.h">
      <Filter>GameDefine\GameObject</Filter>
    </ClInclude>
    <ClInclude Include="ParticleSystem.h">
      <Filter>GameDefine\GameObject</Filter>
    </ClInclude>
    <ClInclude Include="Vertex.h">
      <Filter>GameDefine</Filter>
    </ClInclude>
    <ClInclude Include="Shader.h">
      <Filter>GameDefine</Filter>
    </ClInclude>
    <ClInclude Include="Scene.h">
      <Filter>Main</Filter>
    </ClInclude>
    <ClInclude Include="Resource.h">
      <Filter>GameDefine</Filter>
    </ClInclude>
  </ItemGroup>
  <ItemGroup>
    <Filter Include="Main">
      <UniqueIdentifier>{e3e4d02b-23bf-486a-89ec-da3cbc284565}</UniqueIdentifier>
    </Filter>
    <Filter Include="GameDefine">
      <UniqueIdentifier>{5b6c43c4-38a0-4a40-a923-a47d80dbf9a5}</UniqueIdentifier>
    </Filter>
    <Filter Include="Shader">
      <UniqueIdentifier>{8676c22f-0b07-4be3-a7aa-a66d0795cd9b}</UniqueIdentifier>
    </Filter>
    <Filter Include="GameDefine\Tools">
      <UniqueIdentifier>{6cddd59b-a865-49f4-ae8c-9c877296ce8c}</UniqueIdentifier>
    </Filter>
    <Filter Include="GameDefine\GameObject">
      <UniqueIdentifier>{1f6ee358-6a9a-4834-afbc-c1f6fb8b8364}</UniqueIdentifier>
    </Filter>
  </ItemGroup>
  <ItemGroup>
    <None Include="res\obj.vert">
      <Filter>Shader</Filter>
    </None>
    <None Include="res\obj.frag">
      <Filter>Shader</Filter>
    </None>
    <None Include="res\ground.frag">
      <Filter>Shader</Filter>
    </None>
    <None Include="res\ground.vert">
      <Filter>Shader</Filter>
    </None>
    <None Include="res\test.vert">
      <Filter>Shader</Filter>
    </None>
    <None Include="res\text.frag">
      <Filter>Shader</Filter>
    </None>
    <None Include="res\skybox.vert">
      <Filter>Shader</Filter>
    </None>
    <None Include="res\skybox.frag">
      <Filter>Shader</Filter>
    </None>
  </ItemGroup>
</Project>