
Microsoft Visual Studio Solution File, Format Version 12.00
# Visual Studio 2013
VisualStudioVersion = 12.0.30501.0
MinimumVisualStudioVersion = 10.0.40219.1
Project("{8BC9CEB8-8B4A-11D0-8D11-00A0C91BC942}") = "C++Primr第十章4", "C++Primr第十章4\C++Primr第十章4.vcxproj", "{B435E130-9954-41F3-A5E8-CA55B6013B63}"
EndProject
Global
	GlobalSection(SolutionConfigurationPlatforms) = preSolution
		Debug|Win32 = Debug|Win32
		Release|Win32 = Release|Win32
	EndGlobalSection
	GlobalSection(ProjectConfigurationPlatforms) = postSolution
		{B435E130-9954-41F3-A5E8-CA55B6013B63}.Debug|Win32.ActiveCfg = Debug|Win32
		{B435E130-9954-41F3-A5E8-CA55B6013B63}.Debug|Win32.Build.0 = Debug|Win32
		{B435E130-9954-41F3-A5E8-CA55B6013B63}.Release|Win32.ActiveCfg = Release|Win32
		{B435E130-9954-41F3-A5E8-CA55B6013B63}.Release|Win32.Build.0 = Release|Win32
	EndGlobalSection
	GlobalSection(SolutionProperties) = preSolution
		HideSolutionNode = FALSE
	EndGlobalSection
EndGlobal
