<?xml version="1.0" encoding="utf-8"?>
<Project ToolsVersion="4.0" xmlns="http://schemas.microsoft.com/developer/msbuild/2003">
  <ItemGroup>
    <Filter Include="源文件">
      <UniqueIdentifier>{4FC737F1-C7A5-4376-A066-2A32D752A2FF}</UniqueIdentifier>
      <Extensions>cpp;c;cc;cxx;def;odl;idl;hpj;bat;asm;asmx</Extensions>
    </Filter>
    <Filter Include="头文件">
      <UniqueIdentifier>{93995380-89BD-4b04-88EB-625FBE52EBFB}</UniqueIdentifier>
      <Extensions>h;hh;hpp;hxx;hm;inl;inc;xsd</Extensions>
    </Filter>
    <Filter Include="资源文件">
      <UniqueIdentifier>{67DA6AB6-F800-4c08-8B7A-83BB121AAD01}</UniqueIdentifier>
      <Extensions>rc;ico;cur;bmp;dlg;rc2;rct;bin;rgs;gif;jpg;jpeg;jpe;resx;tiff;tif;png;wav;mfcribbon-ms</Extensions>
    </Filter>
  </ItemGroup>
  <ItemGroup>
    <ClCompile Include="程序员工资.cpp">
      <Filter>源文件</Filter>
    </ClCompile>
    <ClCompile Include="几何体表面积和体积.cpp">
      <Filter>源文件</Filter>
    </ClCompile>
    <ClCompile Include="dm04_父类指针和子类指针的步长.cpp">
      <Filter>源文件</Filter>
    </ClCompile>
    <ClCompile Include="dm05_纯虚函数抽象类语法基础.cpp">
      <Filter>源文件</Filter>
    </ClCompile>
    <ClCompile Include="dm06_多继承的二义性.cpp">
      <Filter>源文件</Filter>
    </ClCompile>
    <ClCompile Include="dm07_抽象类在多继承中的应用.cpp">
      <Filter>源文件</Filter>
    </ClCompile>
    <ClCompile Include="dm08_面向抽象类编程计算程序员工资.cpp">
      <Filter>源文件</Filter>
    </ClCompile>
    <ClCompile Include="dm01_多态原理探究.cpp">
      <Filter>源文件</Filter>
    </ClCompile>
    <ClCompile Include="dm02_证明vptr指针的存在.cpp">
      <Filter>源文件</Filter>
    </ClCompile>
    <ClCompile Include="dm03_vptr指针的分步初始化.cpp">
      <Filter>源文件</Filter>
    </ClCompile>
  </ItemGroup>
</Project>