
Microsoft Visual Studio Solution File, Format Version 12.00
# Visual Studio 2013
VisualStudioVersion = 12.0.30501.0
MinimumVisualStudioVersion = 10.0.40219.1
Project("{8BC9CEB8-8B4A-11D0-8D11-00A0C91BC942}") = "适配器模式", "适配器模式\适配器模式.vcxproj", "{878F8E41-BAA6-40FE-BC17-3953B9B342C7}"
EndProject
Global
	GlobalSection(SolutionConfigurationPlatforms) = preSolution
		Debug|Win32 = Debug|Win32
		Release|Win32 = Release|Win32
	EndGlobalSection
	GlobalSection(ProjectConfigurationPlatforms) = postSolution
		{878F8E41-BAA6-40FE-BC17-3953B9B342C7}.Debug|Win32.ActiveCfg = Debug|Win32
		{878F8E41-BAA6-40FE-BC17-3953B9B342C7}.Debug|Win32.Build.0 = Debug|Win32
		{878F8E41-BAA6-40FE-BC17-3953B9B342C7}.Release|Win32.ActiveCfg = Release|Win32
		{878F8E41-BAA6-40FE-BC17-3953B9B342C7}.Release|Win32.Build.0 = Release|Win32
	EndGlobalSection
	GlobalSection(SolutionProperties) = preSolution
		HideSolutionNode = FALSE
	EndGlobalSection
EndGlobal
