
Microsoft Visual Studio Solution File, Format Version 12.00
# Visual Studio 2013
VisualStudioVersion = 12.0.30501.0
MinimumVisualStudioVersion = 10.0.40219.1
Project("{8BC9CEB8-8B4A-11D0-8D11-00A0C91BC942}") = "装饰模式", "装饰模式\装饰模式.vcxproj", "{E4C08362-84C5-4694-8CA9-347C9A00D623}"
EndProject
Global
	GlobalSection(SolutionConfigurationPlatforms) = preSolution
		Debug|Win32 = Debug|Win32
		Release|Win32 = Release|Win32
	EndGlobalSection
	GlobalSection(ProjectConfigurationPlatforms) = postSolution
		{E4C08362-84C5-4694-8CA9-347C9A00D623}.Debug|Win32.ActiveCfg = Debug|Win32
		{E4C08362-84C5-4694-8CA9-347C9A00D623}.Debug|Win32.Build.0 = Debug|Win32
		{E4C08362-84C5-4694-8CA9-347C9A00D623}.Release|Win32.ActiveCfg = Release|Win32
		{E4C08362-84C5-4694-8CA9-347C9A00D623}.Release|Win32.Build.0 = Release|Win32
	EndGlobalSection
	GlobalSection(SolutionProperties) = preSolution
		HideSolutionNode = FALSE
	EndGlobalSection
EndGlobal
